Microsoft Visual Studio Solution File, Format Version 12.00
# Visual Studio Version 17
VisualStudioVersion = 17.12.35323.107
MinimumVisualStudioVersion = 10.0.40219.1
Project("{FAE04EC0-301F-11D3-BF4B-00C04F79EFBC}") = "AspireApp2.AppHost", "AspireApp2.AppHost\AspireApp2.AppHost.csproj", "{385A169D-1715-4494-AC31-B7DC6F33289A}"
EndProject
Project("{FAE04EC0-301F-11D3-BF4B-00C04F79EFBC}") = "AspireApp2.ServiceDefaults", "AspireApp2.ServiceDefaults\AspireApp2.ServiceDefaults.csproj", "{A4E50A9C-D7C2-4015-ADCA-45471FF3A3CC}"
EndProject
Project("{FAE04EC0-301F-11D3-BF4B-00C04F79EFBC}") = "AspireApp2.ApiService", "AspireApp2.ApiService\AspireApp2.ApiService.csproj", "{9F43E191-C344-4F0E-919D-84AA97E49ABE}"
EndProject
Project("{FAE04EC0-301F-11D3-BF4B-00C04F79EFBC}") = "AspireApp2.Web", "AspireApp2.Web\AspireApp2.Web.csproj", "{8DE98808-4894-4778-8E09-771198043D65}"
EndProject
Global
	GlobalSection(SolutionConfigurationPlatforms) = preSolution
		Debug|Any CPU = Debug|Any CPU
		Release|Any CPU = Release|Any CPU
	EndGlobalSection
	GlobalSection(ProjectConfigurationPlatforms) = postSolution
		{385A169D-1715-4494-AC31-B7DC6F33289A}.Debug|Any CPU.ActiveCfg = Debug|Any CPU
		{385A169D-1715-4494-AC31-B7DC6F33289A}.Debug|Any CPU.Build.0 = Debug|Any CPU
		{385A169D-1715-4494-AC31-B7DC6F33289A}.Release|Any CPU.ActiveCfg = Release|Any CPU
		{385A169D-1715-4494-AC31-B7DC6F33289A}.Release|Any CPU.Build.0 = Release|Any CPU
		{A4E50A9C-D7C2-4015-ADCA-45471FF3A3CC}.Debug|Any CPU.ActiveCfg = Debug|Any CPU
		{A4E50A9C-D7C2-4015-ADCA-45471FF3A3CC}.Debug|Any CPU.Build.0 = Debug|Any CPU
		{A4E50A9C-D7C2-4015-ADCA-45471FF3A3CC}.Release|Any CPU.ActiveCfg = Release|Any CPU
		{A4E50A9C-D7C2-4015-ADCA-45471FF3A3CC}.Release|Any CPU.Build.0 = Release|Any CPU
		{9F43E191-C344-4F0E-919D-84AA97E49ABE}.Debug|Any CPU.ActiveCfg = Debug|Any CPU
		{9F43E191-C344-4F0E-919D-84AA97E49ABE}.Debug|Any CPU.Build.0 = Debug|Any CPU
		{9F43E191-C344-4F0E-919D-84AA97E49ABE}.Release|Any CPU.ActiveCfg = Release|Any CPU
		{9F43E191-C344-4F0E-919D-84AA97E49ABE}.Release|Any CPU.Build.0 = Release|Any CPU
		{8DE98808-4894-4778-8E09-771198043D65}.Debug|Any CPU.ActiveCfg = Debug|Any CPU
		{8DE98808-4894-4778-8E09-771198043D65}.Debug|Any CPU.Build.0 = Debug|Any CPU
		{8DE98808-4894-4778-8E09-771198043D65}.Release|Any CPU.ActiveCfg = Release|Any CPU
		{8DE98808-4894-4778-8E09-771198043D65}.Release|Any CPU.Build.0 = Release|Any CPU
	EndGlobalSection
	GlobalSection(SolutionProperties) = preSolution
		HideSolutionNode = FALSE
	EndGlobalSection
	GlobalSection(ExtensibilityGlobals) = postSolution
		SolutionGuid = {FDD0AE94-5D7C-4046-B7E5-AB254F395772}
	EndGlobalSection
EndGlobal
